
Microsoft Visual Studio Solution File, Format Version 12.00
# Visual Studio Version 17
VisualStudioVersion = 17.3.32825.248
MinimumVisualStudioVersion = 10.0.40219.1
Project("{FAE04EC0-301F-11D3-BF4B-00C04F79EFBC}") = "CrudTeste", "CrudTeste\CrudTeste.csproj", "{B4688095-D789-4422-92FC-F06D1864EAF9}"
EndProject
Global
	GlobalSection(SolutionConfigurationPlatforms) = preSolution
		Debug|Any CPU = Debug|Any CPU
		Release|Any CPU = Release|Any CPU
	EndGlobalSection
	GlobalSection(ProjectConfigurationPlatforms) = postSolution
		{B4688095-D789-4422-92FC-F06D1864EAF9}.Debug|Any CPU.ActiveCfg = Debug|Any CPU
		{B4688095-D789-4422-92FC-F06D1864EAF9}.Debug|Any CPU.Build.0 = Debug|Any CPU
		{B4688095-D789-4422-92FC-F06D1864EAF9}.Release|Any CPU.ActiveCfg = Release|Any CPU
		{B4688095-D789-4422-92FC-F06D1864EAF9}.Release|Any CPU.Build.0 = Release|Any CPU
	EndGlobalSection
	GlobalSection(SolutionProperties) = preSolution
		HideSolutionNode = FALSE
	EndGlobalSection
	GlobalSection(ExtensibilityGlobals) = postSolution
		SolutionGuid = {5D1BBBBA-DA3E-4E4B-8A8A-5FEBB793850C}
	EndGlobalSection
EndGlobal
